lockfileVersion: '9.0'

settings:
  autoInstallPeers: true
  excludeLinksFromLockfile: false

importers:

  .:
    dependencies:
      '@hono/node-server':
        specifier: ^1.11.1
        version: 1.13.2(hono@4.6.4)
      hono:
        specifier: ^4.3.7
        version: 4.6.4

packages:

  '@hono/node-server@1.13.2':
    resolution: {integrity: sha512-0w8nEmAyx0Ul0CQp8BL2VtAG4YVdpzXd/mvvM+l0G5Oq22pUyHS+KeFFPSY+czLOF5NAiV3MUNPD1n14Ol5svg==}
    engines: {node: '>=18.14.1'}
    peerDependencies:
      hono: ^4

  hono@4.6.4:
    resolution: {integrity: sha512-T5WqBkTOcIQblqBKB5mpzaH/A+dSpvVe938xZJCHOmOuYfF7DSwE/9/10+BMvwSPq9N/f6LiQ38HxrZSQOsXKw==}
    engines: {node: '>=16.9.0'}

snapshots:

  '@hono/node-server@1.13.2(hono@4.6.4)':
    dependencies:
      hono: 4.6.4

  hono@4.6.4: {}
